{
    "_readme": [
        "This file locks the dependencies of your project to a known state",
        "Read more about it at https://getcomposer.org/doc/01-basic-usage.md#installing-dependencies",
        "This file is @generated automatically"
    ],
    "content-hash": "f486d61fd7d10ed606b2d88fd448044c",
    "packages": [
        {
            "name": "bueltge/must-use-loader",
            "version": "1.3.1",
            "source": {
                "type": "git",
                "url": "https://github.com/bueltge/must-use-loader.git",
                "reference": "ed047ec2eeefdbe705bece76d94a18c8929bc00d"
            },
            "dist": {
                "type": "zip",
                "url": "https://api.github.com/repos/bueltge/must-use-loader/zipball/ed047ec2eeefdbe705bece76d94a18c8929bc00d",
                "reference": "ed047ec2eeefdbe705bece76d94a18c8929bc00d",
                "shasum": ""
            },
            "require": {
                "php": ">=5.6"
            },
            "require-dev": {
                "inpsyde/php-coding-standards": "dev-master"
            },
            "type": "wordpress-muplugin",
            "notification-url": "https://packagist.org/downloads/",
            "license": [
                "MIT"
            ],
            "authors": [
                {
                    "name": "Frank Bültge",
                    "email": "frank@bueltge.de",
                    "homepage": "https://bueltge.de",
                    "role": "Developer"
                }
            ],
            "description": "Load Must-Use Plugins inside subdirectories with caching. For delete the cache: if you view the Must Use plugin list in the network administration.",
            "homepage": "https://github.com/bueltge/must-use-loader",
            "keywords": [
                "loader",
                "plugin",
                "wordpress"
            ],
            "support": {
                "issues": "https://github.com/bueltge/must-use-loader/issues",
                "source": "https://github.com/bueltge/must-use-loader/tree/master"
            },
            "time": "2018-06-18T18:23:18+00:00"
        },
        {
            "name": "composer/installers",
            "version": "v1.12.0",
            "source": {
                "type": "git",
                "url": "https://github.com/composer/installers.git",
                "reference": "d20a64ed3c94748397ff5973488761b22f6d3f19"
            },
            "dist": {
                "type": "zip",
                "url": "https://api.github.com/repos/composer/installers/zipball/d20a64ed3c94748397ff5973488761b22f6d3f19",
                "reference": "d20a64ed3c94748397ff5973488761b22f6d3f19",
                "shasum": ""
            },
            "require": {
                "composer-plugin-api": "^1.0 || ^2.0"
            },
            "replace": {
                "roundcube/plugin-installer": "*",
                "shama/baton": "*"
            },
            "require-dev": {
                "composer/composer": "1.6.* || ^2.0",
                "composer/semver": "^1 || ^3",
                "phpstan/phpstan": "^0.12.55",
                "phpstan/phpstan-phpunit": "^0.12.16",
                "symfony/phpunit-bridge": "^4.2 || ^5",
                "symfony/process": "^2.3"
            },
            "type": "composer-plugin",
            "extra": {
                "class": "Composer\\Installers\\Plugin",
                "branch-alias": {
                    "dev-main": "1.x-dev"
                }
            },
            "autoload": {
                "psr-4": {
                    "Composer\\Installers\\": "src/Composer/Installers"
                }
            },
            "notification-url": "https://packagist.org/downloads/",
            "license": [
                "MIT"
            ],
            "authors": [
                {
                    "name": "Kyle Robinson Young",
                    "email": "kyle@dontkry.com",
                    "homepage": "https://github.com/shama"
                }
            ],
            "description": "A multi-framework Composer library installer",
            "homepage": "https://composer.github.io/installers/",
            "keywords": [
                "Craft",
                "Dolibarr",
                "Eliasis",
                "Hurad",
                "ImageCMS",
                "Kanboard",
                "Lan Management System",
                "MODX Evo",
                "MantisBT",
                "Mautic",
                "Maya",
                "OXID",
                "Plentymarkets",
                "Porto",
                "RadPHP",
                "SMF",
                "Starbug",
                "Thelia",
                "Whmcs",
                "WolfCMS",
                "agl",
                "aimeos",
                "annotatecms",
                "attogram",
                "bitrix",
                "cakephp",
                "chef",
                "cockpit",
                "codeigniter",
                "concrete5",
                "croogo",
                "dokuwiki",
                "drupal",
                "eZ Platform",
                "elgg",
                "expressionengine",
                "fuelphp",
                "grav",
                "installer",
                "itop",
                "joomla",
                "known",
                "kohana",
                "laravel",
                "lavalite",
                "lithium",
                "magento",
                "majima",
                "mako",
                "mediawiki",
                "miaoxing",
                "modulework",
                "modx",
                "moodle",
                "osclass",
                "pantheon",
                "phpbb",
                "piwik",
                "ppi",
                "processwire",
                "puppet",
                "pxcms",
                "reindex",
                "roundcube",
                "shopware",
                "silverstripe",
                "sydes",
                "sylius",
                "symfony",
                "tastyigniter",
                "typo3",
                "wordpress",
                "yawik",
                "zend",
                "zikula"
            ],
            "support": {
                "issues": "https://github.com/composer/installers/issues",
                "source": "https://github.com/composer/installers/tree/v1.12.0"
            },
            "funding": [
                {
                    "url": "https://packagist.com",
                    "type": "custom"
                },
                {
                    "url": "https://github.com/composer",
                    "type": "github"
                },
                {
                    "url": "https://tidelift.com/funding/github/packagist/composer/composer",
                    "type": "tidelift"
                }
            ],
            "time": "2021-09-13T08:19:44+00:00"
        },
        {
            "name": "firebase/php-jwt",
            "version": "v6.8.0",
            "source": {
                "type": "git",
                "url": "https://github.com/firebase/php-jwt.git",
                "reference": "48b0210c51718d682e53210c24d25c5a10a2299b"
            },
            "dist": {
                "type": "zip",
                "url": "https://api.github.com/repos/firebase/php-jwt/zipball/48b0210c51718d682e53210c24d25c5a10a2299b",
                "reference": "48b0210c51718d682e53210c24d25c5a10a2299b",
                "shasum": ""
            },
            "require": {
                "php": "^7.4||^8.0"
            },
            "require-dev": {
                "guzzlehttp/guzzle": "^6.5||^7.4",
                "phpspec/prophecy-phpunit": "^2.0",
                "phpunit/phpunit": "^9.5",
                "psr/cache": "^1.0||^2.0",
                "psr/http-client": "^1.0",
                "psr/http-factory": "^1.0"
            },
            "suggest": {
                "ext-sodium": "Support EdDSA (Ed25519) signatures",
                "paragonie/sodium_compat": "Support EdDSA (Ed25519) signatures when libsodium is not present"
            },
            "type": "library",
            "autoload": {
                "psr-4": {
                    "Firebase\\JWT\\": "src"
                }
            },
            "notification-url": "https://packagist.org/downloads/",
            "license": [
                "BSD-3-Clause"
            ],
            "authors": [
                {
                    "name": "Neuman Vong",
                    "email": "neuman+pear@twilio.com",
                    "role": "Developer"
                },
                {
                    "name": "Anant Narayanan",
                    "email": "anant@php.net",
                    "role": "Developer"
                }
            ],
            "description": "A simple library to encode and decode JSON Web Tokens (JWT) in PHP. Should conform to the current spec.",
            "homepage": "https://github.com/firebase/php-jwt",
            "keywords": [
                "jwt",
                "php"
            ],
            "support": {
                "issues": "https://github.com/firebase/php-jwt/issues",
                "source": "https://github.com/firebase/php-jwt/tree/v6.8.0"
            },
            "time": "2023-06-20T16:45:35+00:00"
        },
        {
            "name": "helsingborg-stad/acf-export-manager",
            "version": "1.0.12",
            "source": {
                "type": "git",
                "url": "https://github.com/helsingborg-stad/acf-export-manager.git",
                "reference": "9e1b282460cebf68ec4d83cd3c11d8fe7e3612fd"
            },
            "dist": {
                "type": "zip",
                "url": "https://api.github.com/repos/helsingborg-stad/acf-export-manager/zipball/9e1b282460cebf68ec4d83cd3c11d8fe7e3612fd",
                "reference": "9e1b282460cebf68ec4d83cd3c11d8fe7e3612fd",
                "shasum": ""
            },
            "type": "library",
            "autoload": {
                "psr-4": {
                    "AcfExportManager\\": "src"
                }
            },
            "notification-url": "https://packagist.org/downloads/",
            "license": [
                "MIT"
            ],
            "authors": [
                {
                    "name": "Kristoffer Svanmark",
                    "email": "kristoffer.svanmark@knowit.se"
                }
            ],
            "description": "ACF Export Manager is a extension that let's you automatically export specified your ACF fields on save.",
            "support": {
                "issues": "https://github.com/helsingborg-stad/acf-export-manager/issues",
                "source": "https://github.com/helsingborg-stad/acf-export-manager/tree/1.0.12"
            },
            "time": "2023-05-25T07:56:58+00:00"
        },
        {
            "name": "helsingborg-stad/active-directory-api-wp-integration",
            "version": "2.4.13",
            "source": {
                "type": "git",
                "url": "https://github.com/helsingborg-stad/active-directory-api-wp-integration.git",
                "reference": "6ef7c87554a7d652ff7e99a295b498102de8b8a4"
            },
            "dist": {
                "type": "zip",
                "url": "https://api.github.com/repos/helsingborg-stad/active-directory-api-wp-integration/zipball/6ef7c87554a7d652ff7e99a295b498102de8b8a4",
                "reference": "6ef7c87554a7d652ff7e99a295b498102de8b8a4",
                "shasum": ""
            },
            "type": "wordpress-plugin",
            "notification-url": "https://packagist.org/downloads/",
            "license": [
                "MIT"
            ],
            "authors": [
                {
                    "name": "Sebastian Thulin",
                    "email": "sebastian.thulin@helsingborg.se"
                }
            ],
            "description": "Simple plugin for verification of existing WordPress users with api.",
            "support": {
                "issues": "https://github.com/helsingborg-stad/active-directory-api-wp-integration/issues",
                "source": "https://github.com/helsingborg-stad/active-directory-api-wp-integration/tree/2.4.13"
            },
            "time": "2023-06-29T08:59:55+00:00"
        },
        {
            "name": "helsingborg-stad/api-alarm-manager",
            "version": "1.3.4",
            "source": {
                "type": "git",
                "url": "https://github.com/helsingborg-stad/api-alarm-manager.git",
                "reference": "95f88d24544624569f75521bcafd53bc42320f5c"
            },
            "dist": {
                "type": "zip",
                "url": "https://api.github.com/repos/helsingborg-stad/api-alarm-manager/zipball/95f88d24544624569f75521bcafd53bc42320f5c",
                "reference": "95f88d24544624569f75521bcafd53bc42320f5c",
                "shasum": ""
            },
            "require": {
                "helsingborg-stad/acf-export-manager": "^1.0.12",
                "helsingborg-stad/coordinate-transformation-library": "^1.0.1",
                "phpseclib/phpseclib": "^3.0.0"
            },
            "type": "wordpress-plugin",
            "notification-url": "https://packagist.org/downloads/",
            "license": [
                "MIT"
            ],
            "authors": [
                {
                    "name": "Kristoffer Svanmark",
                    "email": "kristoffer.svanmark@knowit.se"
                }
            ],
            "support": {
                "issues": "https://github.com/helsingborg-stad/api-alarm-manager/issues",
                "source": "https://github.com/helsingborg-stad/api-alarm-manager/tree/1.3.4"
            },
            "time": "2023-06-13T08:36:28+00:00"
        },
        {
            "name": "helsingborg-stad/api-schools-manager",
            "version": "0.1.3",
            "source": {
                "type": "git",
                "url": "https://github.com/helsingborg-stad/api-schools-manager.git",
                "reference": "cb9b82f9db6aef991f3e60360178a2897c617475"
            },
            "dist": {
                "type": "zip",
                "url": "https://api.github.com/repos/helsingborg-stad/api-schools-manager/zipball/cb9b82f9db6aef991f3e60360178a2897c617475",
                "reference": "cb9b82f9db6aef991f3e60360178a2897c617475",
                "shasum": ""
            },
            "require": {
                "helsingborg-stad/acf-export-manager": ">=1.0.0",
                "php": ">=8.0"
            },
            "require-dev": {
                "brainmaestro/composer-git-hooks": "^2.8",
                "codedungeon/phpunit-result-printer": "^0.32.0",
                "phpcompatibility/phpcompatibility-wp": "*",
                "squizlabs/php_codesniffer": "^3.7",
                "wp-coding-standards/wpcs": "^3.0",
                "yoast/phpunit-polyfills": "1.1"
            },
            "type": "wordpress-plugin",
            "extra": {
                "hooks": {
                    "commit-msg": [
                        "./bin/commit-msg.sh $1"
                    ]
                }
            },
            "autoload": {
                "psr-4": {
                    "SchoolsManager\\": "source/php/"
                }
            },
            "notification-url": "https://packagist.org/downloads/",
            "license": [
                "MIT"
            ],
            "authors": [
                {
                    "name": "Thor Brink",
                    "email": "thor.brink@helsingborg.se"
                },
                {
                    "name": "Anna Johansson",
                    "email": "anna.johansson4@helsingborg.se"
                }
            ],
            "description": "Creates a api that may be used to manage schools",
            "support": {
                "issues": "https://github.com/helsingborg-stad/api-schools-manager/issues",
                "source": "https://github.com/helsingborg-stad/api-schools-manager/tree/0.1.3"
            },
            "time": "2023-09-01T08:25:20+00:00"
        },
        {
            "name": "helsingborg-stad/api-volunteer-manager",
            "version": "0.3.7",
            "source": {
                "type": "git",
                "url": "https://github.com/helsingborg-stad/api-volunteer-manager.git",
                "reference": "76d6c2d91d0296306659c502cf339bc7527b02f8"
            },
            "dist": {
                "type": "zip",
                "url": "https://api.github.com/repos/helsingborg-stad/api-volunteer-manager/zipball/76d6c2d91d0296306659c502cf339bc7527b02f8",
                "reference": "76d6c2d91d0296306659c502cf339bc7527b02f8",
                "shasum": ""
            },
            "require": {
                "firebase/php-jwt": "^6.4",
                "helsingborg-stad/acf-export-manager": ">=1.0.0"
            },
            "require-dev": {
                "brain/monkey": "^2.6",
                "codedungeon/phpunit-result-printer": "^0.32.0",
                "mockery/mockery": "dev-master@dev",
                "phpunit/phpunit": "^9.6"
            },
            "type": "wordpress-plugin",
            "autoload": {
                "psr-4": {
                    "VolunteerManager\\": "source/php/"
                }
            },
            "notification-url": "https://packagist.org/downloads/",
            "license": [
                "MIT"
            ],
            "authors": [
                {
                    "name": "Sebastian Thulin @ Helsingborg Stad",
                    "email": "sebastian.thulin@helsingborg.se"
                }
            ],
            "description": "Creates a api that may be used to manage volunteer assignments",
            "support": {
                "issues": "https://github.com/helsingborg-stad/api-volunteer-manager/issues",
                "source": "https://github.com/helsingborg-stad/api-volunteer-manager/tree/0.3.7"
            },
            "time": "2023-07-05T07:11:25+00:00"
        },
        {
            "name": "helsingborg-stad/better-post-ui",
            "version": "1.3.5",
            "source": {
                "type": "git",
                "url": "https://github.com/helsingborg-stad/better-post-UI.git",
                "reference": "5142a4584b34b8f85478c85fdaf5f10841958b6e"
            },
            "dist": {
                "type": "zip",
                "url": "https://api.github.com/repos/helsingborg-stad/better-post-UI/zipball/5142a4584b34b8f85478c85fdaf5f10841958b6e",
                "reference": "5142a4584b34b8f85478c85fdaf5f10841958b6e",
                "shasum": ""
            },
            "type": "wordpress-plugin",
            "notification-url": "https://packagist.org/downloads/",
            "license": [
                "MIT"
            ],
            "authors": [
                {
                    "name": "Kristoffer Svanmark",
                    "email": "kristoffer.svanmark@lexiconitkonsult.se"
                }
            ],
            "description": "Improves the UI and UX of the WordPress admin post form.",
            "support": {
                "issues": "https://github.com/helsingborg-stad/better-post-UI/issues",
                "source": "https://github.com/helsingborg-stad/better-post-UI/tree/1.3.5"
            },
            "time": "2022-08-24T06:49:56+00:00"
        },
        {
            "name": "helsingborg-stad/coordinate-transformation-library",
            "version": "1.0.1",
            "source": {
                "type": "git",
                "url": "https://github.com/helsingborg-stad/coordinate-transformation-library.git",
                "reference": "37702bca6fad110fa2cd7463bb3359b3b6e5ace1"
            },
            "dist": {
                "type": "zip",
                "url": "https://api.github.com/repos/helsingborg-stad/coordinate-transformation-library/zipball/37702bca6fad110fa2cd7463bb3359b3b6e5ace1",
                "reference": "37702bca6fad110fa2cd7463bb3359b3b6e5ace1",
                "shasum": ""
            },
            "require": {
                "php": ">=5.3.0"
            },
            "require-dev": {
                "phpunit/phpunit": "~4.1"
            },
            "type": "library",
            "autoload": {
                "psr-4": {
                    "Drola\\": "src/"
                }
            },
            "notification-url": "https://packagist.org/downloads/",
            "license": [
                "CC BY-NC-SA 3.0"
            ],
            "authors": [
                {
                    "name": "Matjaz Drolc",
                    "email": "mdrolc@gmail.com"
                },
                {
                    "name": "David Gustafsson",
                    "email": "david.gustafsson@xelera.se"
                }
            ],
            "description": "Transform coordinates between swedish RT90, SWEREF99 and WGS8",
            "support": {
                "source": "https://github.com/helsingborg-stad/coordinate-transformation-library/tree/1.0.1"
            },
            "time": "2017-05-16T11:48:10+00:00"
        },
        {
            "name": "helsingborg-stad/force-ssl",
            "version": "1.0.20",
            "source": {
                "type": "git",
                "url": "https://github.com/helsingborg-stad/force-ssl.git",
                "reference": "06dc4a8d3721a6935a52c7873a15445f29e61790"
            },
            "dist": {
                "type": "zip",
                "url": "https://api.github.com/repos/helsingborg-stad/force-ssl/zipball/06dc4a8d3721a6935a52c7873a15445f29e61790",
                "reference": "06dc4a8d3721a6935a52c7873a15445f29e61790",
                "shasum": ""
            },
            "require": {
                "composer/installers": "~1.0"
            },
            "type": "wordpress-plugin",
            "notification-url": "https://packagist.org/downloads/",
            "license": [
                "MIT"
            ],
            "authors": [
                {
                    "name": "Sebastian Thulin",
                    "email": "sebastian.thulin@helsingborg.se"
                }
            ],
            "description": "Force users to use ssl",
            "support": {
                "issues": "https://github.com/helsingborg-stad/force-ssl/issues",
                "source": "https://github.com/helsingborg-stad/force-ssl/tree/1.0.20"
            },
            "time": "2022-12-13T09:17:51+00:00"
        },
        {
            "name": "johnpbloch/wordpress",
            "version": "6.2.2",
            "source": {
                "type": "git",
                "url": "https://github.com/johnpbloch/wordpress.git",
                "reference": "236680349aff347c8bac55665245d3b347d162f0"
            },
            "dist": {
                "type": "zip",
                "url": "https://api.github.com/repos/johnpbloch/wordpress/zipball/236680349aff347c8bac55665245d3b347d162f0",
                "reference": "236680349aff347c8bac55665245d3b347d162f0",
                "shasum": ""
            },
            "require": {
                "johnpbloch/wordpress-core": "6.2.2",
                "johnpbloch/wordpress-core-installer": "^1.0 || ^2.0",
                "php": ">=5.6.20"
            },
            "type": "package",
            "notification-url": "https://packagist.org/downloads/",
            "license": [
                "GPL-2.0+"
            ],
            "authors": [
                {
                    "name": "WordPress Community",
                    "homepage": "https://wordpress.org/about/"
                }
            ],
            "description": "WordPress is open source software you can use to create a beautiful website, blog, or app.",
            "homepage": "https://wordpress.org/",
            "keywords": [
                "blog",
                "cms",
                "wordpress"
            ],
            "support": {
                "docs": "https://developer.wordpress.org/",
                "forum": "https://wordpress.org/support/",
                "irc": "irc://irc.freenode.net/wordpress",
                "issues": "https://core.trac.wordpress.org/",
                "source": "https://core.trac.wordpress.org/browser"
            },
            "time": "2023-05-20T04:40:46+00:00"
        },
        {
            "name": "johnpbloch/wordpress-core",
            "version": "6.2.2",
            "source": {
                "type": "git",
                "url": "https://github.com/johnpbloch/wordpress-core.git",
                "reference": "5ed6d4a0469ff42d7ec4a1f72558be8f897a6e18"
            },
            "dist": {
                "type": "zip",
                "url": "https://api.github.com/repos/johnpbloch/wordpress-core/zipball/5ed6d4a0469ff42d7ec4a1f72558be8f897a6e18",
                "reference": "5ed6d4a0469ff42d7ec4a1f72558be8f897a6e18",
                "shasum": ""
            },
            "require": {
                "ext-json": "*",
                "php": ">=5.6.20"
            },
            "provide": {
                "wordpress/core-implementation": "6.2.2"
            },
            "type": "wordpress-core",
            "notification-url": "https://packagist.org/downloads/",
            "license": [
                "GPL-2.0-or-later"
            ],
            "authors": [
                {
                    "name": "WordPress Community",
                    "homepage": "https://wordpress.org/about/"
                }
            ],
            "description": "WordPress is open source software you can use to create a beautiful website, blog, or app.",
            "homepage": "https://wordpress.org/",
            "keywords": [
                "blog",
                "cms",
                "wordpress"
            ],
            "support": {
                "forum": "https://wordpress.org/support/",
                "irc": "irc://irc.freenode.net/wordpress",
                "issues": "https://core.trac.wordpress.org/",
                "source": "https://core.trac.wordpress.org/browser",
                "wiki": "https://codex.wordpress.org/"
            },
            "time": "2023-05-20T04:40:42+00:00"
        },
        {
            "name": "johnpbloch/wordpress-core-installer",
            "version": "2.0.0",
            "source": {
                "type": "git",
                "url": "https://github.com/johnpbloch/wordpress-core-installer.git",
                "reference": "237faae9a60a4a2e1d45dce1a5836ffa616de63e"
            },
            "dist": {
                "type": "zip",
                "url": "https://api.github.com/repos/johnpbloch/wordpress-core-installer/zipball/237faae9a60a4a2e1d45dce1a5836ffa616de63e",
                "reference": "237faae9a60a4a2e1d45dce1a5836ffa616de63e",
                "shasum": ""
            },
            "require": {
                "composer-plugin-api": "^1.0 || ^2.0",
                "php": ">=5.6.0"
            },
            "conflict": {
                "composer/installers": "<1.0.6"
            },
            "require-dev": {
                "composer/composer": "^1.0 || ^2.0",
                "phpunit/phpunit": ">=5.7.27"
            },
            "type": "composer-plugin",
            "extra": {
                "class": "johnpbloch\\Composer\\WordPressCorePlugin"
            },
            "autoload": {
                "psr-0": {
                    "johnpbloch\\Composer\\": "src/"
                }
            },
            "notification-url": "https://packagist.org/downloads/",
            "license": [
                "GPL-2.0-or-later"
            ],
            "authors": [
                {
                    "name": "John P. Bloch",
                    "email": "me@johnpbloch.com"
                }
            ],
            "description": "A custom installer to handle deploying WordPress with composer",
            "keywords": [
                "wordpress"
            ],
            "support": {
                "issues": "https://github.com/johnpbloch/wordpress-core-installer/issues",
                "source": "https://github.com/johnpbloch/wordpress-core-installer/tree/master"
            },
            "time": "2020-04-16T21:44:57+00:00"
        },
        {
            "name": "paragonie/constant_time_encoding",
            "version": "v2.6.3",
            "source": {
                "type": "git",
                "url": "https://github.com/paragonie/constant_time_encoding.git",
                "reference": "58c3f47f650c94ec05a151692652a868995d2938"
            },
            "dist": {
                "type": "zip",
                "url": "https://api.github.com/repos/paragonie/constant_time_encoding/zipball/58c3f47f650c94ec05a151692652a868995d2938",
                "reference": "58c3f47f650c94ec05a151692652a868995d2938",
                "shasum": ""
            },
            "require": {
                "php": "^7|^8"
            },
            "require-dev": {
                "phpunit/phpunit": "^6|^7|^8|^9",
                "vimeo/psalm": "^1|^2|^3|^4"
            },
            "type": "library",
            "autoload": {
                "psr-4": {
                    "ParagonIE\\ConstantTime\\": "src/"
                }
            },
            "notification-url": "https://packagist.org/downloads/",
            "license": [
                "MIT"
            ],
            "authors": [
                {
                    "name": "Paragon Initiative Enterprises",
                    "email": "security@paragonie.com",
                    "homepage": "https://paragonie.com",
                    "role": "Maintainer"
                },
                {
                    "name": "Steve 'Sc00bz' Thomas",
                    "email": "steve@tobtu.com",
                    "homepage": "https://www.tobtu.com",
                    "role": "Original Developer"
                }
            ],
            "description": "Constant-time Implementations of RFC 4648 Encoding (Base-64, Base-32, Base-16)",
            "keywords": [
                "base16",
                "base32",
                "base32_decode",
                "base32_encode",
                "base64",
                "base64_decode",
                "base64_encode",
                "bin2hex",
                "encoding",
                "hex",
                "hex2bin",
                "rfc4648"
            ],
            "support": {
                "email": "info@paragonie.com",
                "issues": "https://github.com/paragonie/constant_time_encoding/issues",
                "source": "https://github.com/paragonie/constant_time_encoding"
            },
            "time": "2022-06-14T06:56:20+00:00"
        },
        {
            "name": "paragonie/random_compat",
            "version": "v9.99.100",
            "source": {
                "type": "git",
                "url": "https://github.com/paragonie/random_compat.git",
                "reference": "996434e5492cb4c3edcb9168db6fbb1359ef965a"
            },
            "dist": {
                "type": "zip",
                "url": "https://api.github.com/repos/paragonie/random_compat/zipball/996434e5492cb4c3edcb9168db6fbb1359ef965a",
                "reference": "996434e5492cb4c3edcb9168db6fbb1359ef965a",
                "shasum": ""
            },
            "require": {
                "php": ">= 7"
            },
            "require-dev": {
                "phpunit/phpunit": "4.*|5.*",
                "vimeo/psalm": "^1"
            },
            "suggest": {
                "ext-libsodium": "Provides a modern crypto API that can be used to generate random bytes."
            },
            "type": "library",
            "notification-url": "https://packagist.org/downloads/",
            "license": [
                "MIT"
            ],
            "authors": [
                {
                    "name": "Paragon Initiative Enterprises",
                    "email": "security@paragonie.com",
                    "homepage": "https://paragonie.com"
                }
            ],
            "description": "PHP 5.x polyfill for random_bytes() and random_int() from PHP 7",
            "keywords": [
                "csprng",
                "polyfill",
                "pseudorandom",
                "random"
            ],
            "support": {
                "email": "info@paragonie.com",
                "issues": "https://github.com/paragonie/random_compat/issues",
                "source": "https://github.com/paragonie/random_compat"
            },
            "time": "2020-10-15T08:29:30+00:00"
        },
        {
            "name": "phpseclib/phpseclib",
            "version": "3.0.20",
            "source": {
                "type": "git",
                "url": "https://github.com/phpseclib/phpseclib.git",
                "reference": "543a1da81111a0bfd6ae7bbc2865c5e89ed3fc67"
            },
            "dist": {
                "type": "zip",
                "url": "https://api.github.com/repos/phpseclib/phpseclib/zipball/543a1da81111a0bfd6ae7bbc2865c5e89ed3fc67",
                "reference": "543a1da81111a0bfd6ae7bbc2865c5e89ed3fc67",
                "shasum": ""
            },
            "require": {
                "paragonie/constant_time_encoding": "^1|^2",
                "paragonie/random_compat": "^1.4|^2.0|^9.99.99",
                "php": ">=5.6.1"
            },
            "require-dev": {
                "phpunit/phpunit": "*"
            },
            "suggest": {
                "ext-dom": "Install the DOM extension to load XML formatted public keys.",
                "ext-gmp": "Install the GMP (GNU Multiple Precision) extension in order to speed up arbitrary precision integer arithmetic operations.",
                "ext-libsodium": "SSH2/SFTP can make use of some algorithms provided by the libsodium-php extension.",
                "ext-mcrypt": "Install the Mcrypt extension in order to speed up a few other cryptographic operations.",
                "ext-openssl": "Install the OpenSSL extension in order to speed up a wide variety of cryptographic operations."
            },
            "type": "library",
            "autoload": {
                "files": [
                    "phpseclib/bootstrap.php"
                ],
                "psr-4": {
                    "phpseclib3\\": "phpseclib/"
                }
            },
            "notification-url": "https://packagist.org/downloads/",
            "license": [
                "MIT"
            ],
            "authors": [
                {
                    "name": "Jim Wigginton",
                    "email": "terrafrost@php.net",
                    "role": "Lead Developer"
                },
                {
                    "name": "Patrick Monnerat",
                    "email": "pm@datasphere.ch",
                    "role": "Developer"
                },
                {
                    "name": "Andreas Fischer",
                    "email": "bantu@phpbb.com",
                    "role": "Developer"
                },
                {
                    "name": "Hans-Jürgen Petrich",
                    "email": "petrich@tronic-media.com",
                    "role": "Developer"
                },
                {
                    "name": "Graham Campbell",
                    "email": "graham@alt-three.com",
                    "role": "Developer"
                }
            ],
            "description": "PHP Secure Communications Library - Pure-PHP implementations of RSA, AES, SSH2, SFTP, X.509 etc.",
            "homepage": "http://phpseclib.sourceforge.net",
            "keywords": [
                "BigInteger",
                "aes",
                "asn.1",
                "asn1",
                "blowfish",
                "crypto",
                "cryptography",
                "encryption",
                "rsa",
                "security",
                "sftp",
                "signature",
                "signing",
                "ssh",
                "twofish",
                "x.509",
                "x509"
            ],
            "support": {
                "issues": "https://github.com/phpseclib/phpseclib/issues",
                "source": "https://github.com/phpseclib/phpseclib/tree/3.0.20"
            },
            "funding": [
                {
                    "url": "https://github.com/terrafrost",
                    "type": "github"
                },
                {
                    "url": "https://www.patreon.com/phpseclib",
                    "type": "patreon"
                },
                {
                    "url": "https://tidelift.com/funding/github/packagist/phpseclib/phpseclib",
                    "type": "tidelift"
                }
            ],
            "time": "2023-06-13T06:30:34+00:00"
        },
        {
            "name": "wpackagist-plugin/classic-editor",
            "version": "0.4",
            "source": {
                "type": "svn",
                "url": "https://plugins.svn.wordpress.org/classic-editor/",
                "reference": "tags/0.4"
            },
            "dist": {
                "type": "zip",
                "url": "https://downloads.wordpress.org/plugin/classic-editor.0.4.zip"
            },
            "require": {
                "composer/installers": "^1.0 || ^2.0"
            },
            "type": "wordpress-plugin",
            "homepage": "https://wordpress.org/plugins/classic-editor/"
        },
        {
            "name": "wpackagist-plugin/litespeed-cache",
            "version": "5.5",
            "source": {
                "type": "svn",
                "url": "https://plugins.svn.wordpress.org/litespeed-cache/",
                "reference": "tags/5.5"
            },
            "dist": {
                "type": "zip",
                "url": "https://downloads.wordpress.org/plugin/litespeed-cache.5.5.zip"
            },
            "require": {
                "composer/installers": "^1.0 || ^2.0"
            },
            "type": "wordpress-plugin",
            "homepage": "https://wordpress.org/plugins/litespeed-cache/"
        },
        {
            "name": "wpackagist-plugin/redis-cache",
            "version": "2.4.3",
            "source": {
                "type": "svn",
                "url": "https://plugins.svn.wordpress.org/redis-cache/",
                "reference": "tags/2.4.3"
            },
            "dist": {
                "type": "zip",
                "url": "https://downloads.wordpress.org/plugin/redis-cache.2.4.3.zip"
            },
            "require": {
                "composer/installers": "^1.0 || ^2.0"
            },
            "type": "wordpress-plugin",
            "homepage": "https://wordpress.org/plugins/redis-cache/"
        },
        {
            "name": "wpackagist-plugin/simple-smtp",
            "version": "1.3.2.2",
            "source": {
                "type": "svn",
                "url": "https://plugins.svn.wordpress.org/simple-smtp/",
                "reference": "tags/1.3.2.2"
            },
            "dist": {
                "type": "zip",
                "url": "https://downloads.wordpress.org/plugin/simple-smtp.1.3.2.2.zip"
            },
            "require": {
                "composer/installers": "^1.0 || ^2.0"
            },
            "type": "wordpress-plugin",
            "homepage": "https://wordpress.org/plugins/simple-smtp/"
        },
        {
            "name": "wpackagist-plugin/wp-rest-api-log",
            "version": "1.7.0",
            "source": {
                "type": "svn",
                "url": "https://plugins.svn.wordpress.org/wp-rest-api-log/",
                "reference": "tags/1.7.0"
            },
            "dist": {
                "type": "zip",
                "url": "https://downloads.wordpress.org/plugin/wp-rest-api-log.1.7.0.zip"
            },
            "require": {
                "composer/installers": "^1.0 || ^2.0"
            },
            "type": "wordpress-plugin",
            "homepage": "https://wordpress.org/plugins/wp-rest-api-log/"
        },
        {
            "name": "wpackagist-plugin/wp-rest-filter",
            "version": "1.4.3",
            "source": {
                "type": "svn",
                "url": "https://plugins.svn.wordpress.org/wp-rest-filter/",
                "reference": "tags/1.4.3"
            },
            "dist": {
                "type": "zip",
                "url": "https://downloads.wordpress.org/plugin/wp-rest-filter.1.4.3.zip"
            },
            "require": {
                "composer/installers": "^1.0 || ^2.0"
            },
            "type": "wordpress-plugin",
            "homepage": "https://wordpress.org/plugins/wp-rest-filter/"
        }
    ],
    "packages-dev": [],
    "aliases": [],
    "minimum-stability": "dev",
    "stability-flags": [],
    "prefer-stable": true,
    "prefer-lowest": false,
    "platform": [],
    "platform-dev": [],
    "plugin-api-version": "2.3.0"
}
